
Microsoft Visual Studio Solution File, Format Version 12.00
# Visual Studio Version 17
VisualStudioVersion = 17.8.34212.112
MinimumVisualStudioVersion = 10.0.40219.1
Project("{FAE04EC0-301F-11D3-BF4B-00C04F79EFBC}") = "DiscordRichPresence", "DiscordRichPresence.csproj", "{B0DBB65E-F316-43CE-9ADC-C2DBCDE9D911}"
EndProject
Global
	GlobalSection(SolutionConfigurationPlatforms) = preSolution
		Debug|Any CPU = Debug|Any CPU
		Release|Any CPU = Release|Any CPU
	EndGlobalSection
	GlobalSection(ProjectConfigurationPlatforms) = postSolution
		{B0DBB65E-F316-43CE-9ADC-C2DBCDE9D911}.Debug|Any CPU.ActiveCfg = Debug|Any CPU
		{B0DBB65E-F316-43CE-9ADC-C2DBCDE9D911}.Debug|Any CPU.Build.0 = Debug|Any CPU
		{B0DBB65E-F316-43CE-9ADC-C2DBCDE9D911}.Release|Any CPU.ActiveCfg = Release|Any CPU
		{B0DBB65E-F316-43CE-9ADC-C2DBCDE9D911}.Release|Any CPU.Build.0 = Release|Any CPU
	EndGlobalSection
	GlobalSection(SolutionProperties) = preSolution
		HideSolutionNode = FALSE
	EndGlobalSection
	GlobalSection(ExtensibilityGlobals) = postSolution
		SolutionGuid = {0A73B2BF-BC30-49D2-97E7-5ECC93CFC1BC}
	EndGlobalSection
EndGlobal
